
Microsoft Visual Studio Solution File, Format Version 12.00
# Visual Studio Version 17
VisualStudioVersion = 17.2.32526.322
MinimumVisualStudioVersion = 10.0.40219.1
Project("{9A19103F-16F7-4668-BE54-9A1E7A4F7556}") = "MyGame", "MyGame\MyGame.csproj", "{29C95F5D-FE4A-49A5-8231-69B80DF63AEB}"
EndProject
Global
	GlobalSection(SolutionConfigurationPlatforms) = preSolution
		Debug|Any CPU = Debug|Any CPU
		Release|Any CPU = Release|Any CPU
	EndGlobalSection
	GlobalSection(ProjectConfigurationPlatforms) = postSolution
		{29C95F5D-FE4A-49A5-8231-69B80DF63AEB}.Debug|Any CPU.ActiveCfg = Debug|Any CPU
		{29C95F5D-FE4A-49A5-8231-69B80DF63AEB}.Debug|Any CPU.Build.0 = Debug|Any CPU
		{29C95F5D-FE4A-49A5-8231-69B80DF63AEB}.Release|Any CPU.ActiveCfg = Release|Any CPU
		{29C95F5D-FE4A-49A5-8231-69B80DF63AEB}.Release|Any CPU.Build.0 = Release|Any CPU
	EndGlobalSection
	GlobalSection(SolutionProperties) = preSolution
		HideSolutionNode = FALSE
	EndGlobalSection
	GlobalSection(ExtensibilityGlobals) = postSolution
		SolutionGuid = {1031C504-645F-48DE-9823-F76E13AA2A89}
	EndGlobalSection
EndGlobal
